
Microsoft Visual Studio Solution File, Format Version 12.00
# Visual Studio 2013
VisualStudioVersion = 12.0.21005.1
MinimumVisualStudioVersion = 10.0.40219.1
Project("{8BC9CEB8-8B4A-11D0-8D11-00A0C91BC942}") = "Project_7_12", "Project_7_12\Project_7_12.vcxproj", "{DCF2605A-B0CC-458C-9A37-E2863D254C36}"
EndProject
Global
	GlobalSection(SolutionConfigurationPlatforms) = preSolution
		Debug|Win32 = Debug|Win32
		Release|Win32 = Release|Win32
	EndGlobalSection
	GlobalSection(ProjectConfigurationPlatforms) = postSolution
		{DCF2605A-B0CC-458C-9A37-E2863D254C36}.Debug|Win32.ActiveCfg = Debug|Win32
		{DCF2605A-B0CC-458C-9A37-E2863D254C36}.Debug|Win32.Build.0 = Debug|Win32
		{DCF2605A-B0CC-458C-9A37-E2863D254C36}.Release|Win32.ActiveCfg = Release|Win32
		{DCF2605A-B0CC-458C-9A37-E2863D254C36}.Release|Win32.Build.0 = Release|Win32
	EndGlobalSection
	GlobalSection(SolutionProperties) = preSolution
		HideSolutionNode = FALSE
	EndGlobalSection
EndGlobal
